<?xml version="1.0" encoding="utf-8"?>
<Project ToolsVersion="4.0" xmlns="http://schemas.microsoft.com/developer/msbuild/2003">
  <ItemGroup>
    <Filter Include="IBX">
      <UniqueIdentifier>{48F2870B-B4FB-877C-3D77-9E7CA97F937C}</UniqueIdentifier>
    </Filter>
    <Filter Include="IBX\Events">
      <UniqueIdentifier>{2C3DDD66-18F5-1EB4-81FC-F70F6DD3B9A4}</UniqueIdentifier>
    </Filter>
    <Filter Include="IBX\ImGui">
      <UniqueIdentifier>{72FD9EFB-DE67-5372-27A6-0418934F31C7}</UniqueIdentifier>
    </Filter>
    <Filter Include="IBX\Layers">
      <UniqueIdentifier>{0728C075-F3DF-01C3-5CE7-DA1E48BE9CB3}</UniqueIdentifier>
    </Filter>
    <Filter Include="IBX\Platform">
      <UniqueIdentifier>{9C3F3FAF-88A2-CE53-3128-070A1D6A9AD6}</UniqueIdentifier>
    </Filter>
    <Filter Include="IBX\Platform\OpenGL">
      <UniqueIdentifier>{50C13C40-BC22-1A4E-4590-6000B1F0500D}</UniqueIdentifier>
    </Filter>
    <Filter Include="IBX\Platform\Windows">
      <UniqueIdentifier>{D6C5F09F-C254-7A69-6B73-8E6457E18A0F}</UniqueIdentifier>
    </Filter>
  </ItemGroup>
  <ItemGroup>
    <ClInclude Include="src\IBX\Application.h">
      <Filter>IBX</Filter>
    </ClInclude>
    <ClInclude Include="src\IBX\Core.h">
      <Filter>IBX</Filter>
    </ClInclude>
    <ClInclude Include="src\IBX\EntryPoint.h">
      <Filter>IBX</Filter>
    </ClInclude>
    <ClInclude Include="src\IBX\Events\ApplicationEvent.h">
      <Filter>IBX\Events</Filter>
    </ClInclude>
    <ClInclude Include="src\IBX\Events\Event.h">
      <Filter>IBX\Events</Filter>
    </ClInclude>
    <ClInclude Include="src\IBX\Events\KeyEvent.h">
      <Filter>IBX\Events</Filter>
    </ClInclude>
    <ClInclude Include="src\IBX\Events\MouseEvent.h">
      <Filter>IBX\Events</Filter>
    </ClInclude>
    <ClInclude Include="src\IBX\ImGui\ImGuiLayer.h">
      <Filter>IBX\ImGui</Filter>
    </ClInclude>
    <ClInclude Include="src\IBX\Layers\Layer.h">
      <Filter>IBX\Layers</Filter>
    </ClInclude>
    <ClInclude Include="src\IBX\Layers\LayerStack.h">
      <Filter>IBX\Layers</Filter>
    </ClInclude>
    <ClInclude Include="src\IBX\Log.h">
      <Filter>IBX</Filter>
    </ClInclude>
    <ClInclude Include="src\IBX\Platform\OpenGL\ImGuiOpenGLRenderer.h">
      <Filter>IBX\Platform\OpenGL</Filter>
    </ClInclude>
    <ClInclude Include="src\IBX\Platform\Windows\WindowsWindow.h">
      <Filter>IBX\Platform\Windows</Filter>
    </ClInclude>
    <ClInclude Include="src\IBX\Window.h">
      <Filter>IBX</Filter>
    </ClInclude>
    <ClInclude Include="src\IBX_Engine.h" />
    <ClInclude Include="src\ibxpch.h" />
  </ItemGroup>
  <ItemGroup>
    <ClCompile Include="src\IBX\Application.cpp">
      <Filter>IBX</Filter>
    </ClCompile>
    <ClCompile Include="src\IBX\ImGui\ImGuiLayer.cpp">
      <Filter>IBX\ImGui</Filter>
    </ClCompile>
    <ClCompile Include="src\IBX\Layers\Layer.cpp">
      <Filter>IBX\Layers</Filter>
    </ClCompile>
    <ClCompile Include="src\IBX\Layers\LayerStack.cpp">
      <Filter>IBX\Layers</Filter>
    </ClCompile>
    <ClCompile Include="src\IBX\Log.cpp">
      <Filter>IBX</Filter>
    </ClCompile>
    <ClCompile Include="src\IBX\Platform\OpenGL\ImGuiOpenGLRenderer.cpp">
      <Filter>IBX\Platform\OpenGL</Filter>
    </ClCompile>
    <ClCompile Include="src\IBX\Platform\Windows\WindowsWindow.cpp">
      <Filter>IBX\Platform\Windows</Filter>
    </ClCompile>
    <ClCompile Include="src\ibxpch.cpp" />
  </ItemGroup>
</Project>