<?xml version="1.0" encoding="utf-8"?>
<Project ToolsVersion="4.0" xmlns="http://schemas.microsoft.com/developer/msbuild/2003">
  <ItemGroup>
    <Filter Include="IBX">
      <UniqueIdentifier>{48F2870B-B4FB-877C-3D77-9E7CA97F937C}</UniqueIdentifier>
    </Filter>
    <Filter Include="IBX\Events">
      <UniqueIdentifier>{2C3DDD66-18F5-1EB4-81FC-F70F6DD3B9A4}</UniqueIdentifier>
    </Filter>
    <Filter Include="IBX\ImGui">
      <UniqueIdentifier>{72FD9EFB-DE67-5372-27A6-0418934F31C7}</UniqueIdentifier>
    </Filter>
    <Filter Include="IBX\Layers">
      <UniqueIdentifier>{0728C075-F3DF-01C3-5CE7-DA1E48BE9CB3}</UniqueIdentifier>
    </Filter>
    <Filter Include="Platform">
      <UniqueIdentifier>{2AC788B4-1694-E3BF-3FAD-D1672BD9184E}</UniqueIdentifier>
    </Filter>
    <Filter Include="Platform\OpenGL">
      <UniqueIdentifier>{1E7D2C1D-8A08-9AE1-9319-1DD6FF23F6E1}</UniqueIdentifier>
    </Filter>
    <Filter Include="Platform\Windows">
      <UniqueIdentifier>{64FBD71A-50F4-F66C-7926-DCF1657ED678}</UniqueIdentifier>
    </Filter>
  </ItemGroup>
  <ItemGroup>
    <ClInclude Include="src\IBX\Application.h">
      <Filter>IBX</Filter>
    </ClInclude>
    <ClInclude Include="src\IBX\Core.h">
      <Filter>IBX</Filter>
    </ClInclude>
    <ClInclude Include="src\IBX\EntryPoint.h">
      <Filter>IBX</Filter>
    </ClInclude>
    <ClInclude Include="src\IBX\Events\ApplicationEvent.h">
      <Filter>IBX\Events</Filter>
    </ClInclude>
    <ClInclude Include="src\IBX\Events\Event.h">
      <Filter>IBX\Events</Filter>
    </ClInclude>
    <ClInclude Include="src\IBX\Events\KeyEvent.h">
      <Filter>IBX\Events</Filter>
    </ClInclude>
    <ClInclude Include="src\IBX\Events\MouseEvent.h">
      <Filter>IBX\Events</Filter>
    </ClInclude>
    <ClInclude Include="src\IBX\ImGui\ImGuiLayer.h">
      <Filter>IBX\ImGui</Filter>
    </ClInclude>
    <ClInclude Include="src\IBX\Input.h">
      <Filter>IBX</Filter>
    </ClInclude>
    <ClInclude Include="src\IBX\Layers\Layer.h">
      <Filter>IBX\Layers</Filter>
    </ClInclude>
    <ClInclude Include="src\IBX\Layers\LayerStack.h">
      <Filter>IBX\Layers</Filter>
    </ClInclude>
    <ClInclude Include="src\IBX\Log.h">
      <Filter>IBX</Filter>
    </ClInclude>
    <ClInclude Include="src\IBX\Window.h">
      <Filter>IBX</Filter>
    </ClInclude>
    <ClInclude Include="src\IBX_Engine.h" />
    <ClInclude Include="src\Platform\OpenGL\ImGuiOpenGLRenderer.h">
      <Filter>Platform\OpenGL</Filter>
    </ClInclude>
    <ClInclude Include="src\Platform\Windows\WindowsInput.h">
      <Filter>Platform\Windows</Filter>
    </ClInclude>
    <ClInclude Include="src\Platform\Windows\WindowsWindow.h">
      <Filter>Platform\Windows</Filter>
    </ClInclude>
    <ClInclude Include="src\ibxpch.h" />
    <ClInclude Include="src\IBX\KeyCodes.h" />
    <ClInclude Include="src\IBX\MouseButtons.h" />
  </ItemGroup>
  <ItemGroup>
    <ClCompile Include="src\IBX\Application.cpp">
      <Filter>IBX</Filter>
    </ClCompile>
    <ClCompile Include="src\IBX\ImGui\ImGuiLayer.cpp">
      <Filter>IBX\ImGui</Filter>
    </ClCompile>
    <ClCompile Include="src\IBX\Layers\Layer.cpp">
      <Filter>IBX\Layers</Filter>
    </ClCompile>
    <ClCompile Include="src\IBX\Layers\LayerStack.cpp">
      <Filter>IBX\Layers</Filter>
    </ClCompile>
    <ClCompile Include="src\IBX\Log.cpp">
      <Filter>IBX</Filter>
    </ClCompile>
    <ClCompile Include="src\Platform\OpenGL\ImGuiOpenGLRenderer.cpp">
      <Filter>Platform\OpenGL</Filter>
    </ClCompile>
    <ClCompile Include="src\Platform\Windows\WindowsInput.cpp">
      <Filter>Platform\Windows</Filter>
    </ClCompile>
    <ClCompile Include="src\Platform\Windows\WindowsWindow.cpp">
      <Filter>Platform\Windows</Filter>
    </ClCompile>
    <ClCompile Include="src\ibxpch.cpp" />
  </ItemGroup>
</Project>