<?xml version="1.0" encoding="utf-8"?>
<Project ToolsVersion="4.0" xmlns="http://schemas.microsoft.com/developer/msbuild/2003">
  <ItemGroup>
    <Filter Include="IBX">
      <UniqueIdentifier>{48F2870B-B4FB-877C-3D77-9E7CA97F937C}</UniqueIdentifier>
    </Filter>
  </ItemGroup>
  <ItemGroup>
    <ClInclude Include="src\IBX\Application.h">
      <Filter>IBX</Filter>
    </ClInclude>
    <ClInclude Include="src\IBX\Core.h">
      <Filter>IBX</Filter>
    </ClInclude>
    <ClInclude Include="src\IBX\EntryPoint.h">
      <Filter>IBX</Filter>
    </ClInclude>
    <ClInclude Include="src\IBX\Log.h">
      <Filter>IBX</Filter>
    </ClInclude>
    <ClInclude Include="src\IBX_Engine.h" />
  </ItemGroup>
  <ItemGroup>
    <ClCompile Include="src\IBX\Application.cpp">
      <Filter>IBX</Filter>
    </ClCompile>
    <ClCompile Include="src\IBX\Log.cpp">
      <Filter>IBX</Filter>
    </ClCompile>
  </ItemGroup>
</Project>